
Microsoft Visual Studio Solution File, Format Version 12.00
# Visual Studio 15
VisualStudioVersion = 15.0.27703.2018
MinimumVisualStudioVersion = 10.0.40219.1
Project("{FAE04EC0-301F-11D3-BF4B-00C04F79EFBC}") = "ShowApp", "ShowApp\ShowApp.csproj", "{FF61CA10-1BB8-4D91-9652-184CB7AADFA7}"
EndProject
Global
	GlobalSection(SolutionConfigurationPlatforms) = preSolution
		Debug|Any CPU = Debug|Any CPU
		Release|Any CPU = Release|Any CPU
	EndGlobalSection
	GlobalSection(ProjectConfigurationPlatforms) = postSolution
		{FF61CA10-1BB8-4D91-9652-184CB7AADFA7}.Debug|Any CPU.ActiveCfg = Debug|Any CPU
		{FF61CA10-1BB8-4D91-9652-184CB7AADFA7}.Debug|Any CPU.Build.0 = Debug|Any CPU
		{FF61CA10-1BB8-4D91-9652-184CB7AADFA7}.Release|Any CPU.ActiveCfg = Release|Any CPU
		{FF61CA10-1BB8-4D91-9652-184CB7AADFA7}.Release|Any CPU.Build.0 = Release|Any CPU
	EndGlobalSection
	GlobalSection(SolutionProperties) = preSolution
		HideSolutionNode = FALSE
	EndGlobalSection
	GlobalSection(ExtensibilityGlobals) = postSolution
		SolutionGuid = {693707B0-AA33-4199-9C1C-54A82E91EAEE}
	EndGlobalSection
EndGlobal
